
Microsoft Visual Studio Solution File, Format Version 12.00
# Visual Studio Version 16
VisualStudioVersion = 16.0.31624.102
MinimumVisualStudioVersion = 10.0.40219.1
Project("{FAE04EC0-301F-11D3-BF4B-00C04F79EFBC}") = "TaskCrudWPF", "TaskCrudWPF\TaskCrudWPF.csproj", "{572ED17F-18B5-4E72-816E-38868C71E3B9}"
EndProject
Global
	GlobalSection(SolutionConfigurationPlatforms) = preSolution
		Debug|Any CPU = Debug|Any CPU
		Release|Any CPU = Release|Any CPU
	EndGlobalSection
	GlobalSection(ProjectConfigurationPlatforms) = postSolution
		{572ED17F-18B5-4E72-816E-38868C71E3B9}.Debug|Any CPU.ActiveCfg = Debug|Any CPU
		{572ED17F-18B5-4E72-816E-38868C71E3B9}.Debug|Any CPU.Build.0 = Debug|Any CPU
		{572ED17F-18B5-4E72-816E-38868C71E3B9}.Release|Any CPU.ActiveCfg = Release|Any CPU
		{572ED17F-18B5-4E72-816E-38868C71E3B9}.Release|Any CPU.Build.0 = Release|Any CPU
	EndGlobalSection
	GlobalSection(SolutionProperties) = preSolution
		HideSolutionNode = FALSE
	EndGlobalSection
	GlobalSection(ExtensibilityGlobals) = postSolution
		SolutionGuid = {55D93377-0AA1-49A3-A99B-E88CB8994ACC}
	EndGlobalSection
EndGlobal
